<?xml version="1.0" encoding="utf-8"?>
<Project ToolsVersion="4.0" xmlns="http://schemas.microsoft.com/developer/msbuild/2003">
  <ItemGroup>
    <Filter Include="Source Files">
      <UniqueIdentifier>{4FC737F1-C7A5-4376-A066-2A32D752A2FF}</UniqueIdentifier>
      <Extensions>cpp;c;cc;cxx;c++;cppm;ixx;def;odl;idl;hpj;bat;asm;asmx</Extensions>
    </Filter>
    <Filter Include="Header Files">
      <UniqueIdentifier>{93995380-89BD-4b04-88EB-625FBE52EBFB}</UniqueIdentifier>
      <Extensions>h;hh;hpp;hxx;h++;hm;inl;inc;ipp;xsd</Extensions>
    </Filter>
    <Filter Include="Resource Files">
      <UniqueIdentifier>{67DA6AB6-F800-4c08-8B7A-83BB121AAD01}</UniqueIdentifier>
      <Extensions>rc;ico;cur;bmp;dlg;rc2;rct;bin;rgs;gif;jpg;jpeg;jpe;resx;tiff;tif;png;wav;mfcribbon-ms</Extensions>
    </Filter>
    <Filter Include="Source Files\Shaders">
      <UniqueIdentifier>{6458e65b-ff88-48b3-925e-675e865018f4}</UniqueIdentifier>
    </Filter>
  </ItemGroup>
  <ItemGroup>
    <ClInclude Include="Resources\resource.h">
      <Filter>Header Files</Filter>
    </ClInclude>
    <ClInclude Include="targetver.h">
      <Filter>Header Files</Filter>
    </ClInclude>
    <ClInclude Include="Code\Include\GameTime.h">
      <Filter>Header Files</Filter>
    </ClInclude>
    <ClInclude Include="Code\Include\Primitives.h">
      <Filter>Header Files</Filter>
    </ClInclude>
    <ClInclude Include="Code\Include\WinApiExcludingDefs\NoGdi.h">
      <Filter>Header Files</Filter>
    </ClInclude>
    <ClInclude Include="Code\Include\WinApiExcludingDefs\NoInput.h">
      <Filter>Header Files</Filter>
    </ClInclude>
    <ClInclude Include="Code\Include\WinApiExcludingDefs\NoUiAndWindows.h">
      <Filter>Header Files</Filter>
    </ClInclude>
    <ClInclude Include="Code\Include\WinApiExcludingDefs\NoSys.h">
      <Filter>Header Files</Filter>
    </ClInclude>
    <ClInclude Include="Code\Include\WinApiExcludingDefs\NoIO.h">
      <Filter>Header Files</Filter>
    </ClInclude>
    <ClInclude Include="Code\Include\WinApiExcludingDefs\NoLocalization.h">
      <Filter>Header Files</Filter>
    </ClInclude>
    <ClInclude Include="Code\Include\WinApiExcludingDefs\LeanAndMean.h">
      <Filter>Header Files</Filter>
    </ClInclude>
    <ClInclude Include="Code\Include\WinApiExcludingDefs\NoAll.h">
      <Filter>Header Files</Filter>
    </ClInclude>
    <ClInclude Include="Code\Include\Core\Renderer\RenderContext.h">
      <Filter>Header Files</Filter>
    </ClInclude>
    <ClInclude Include="Code\Include\DebugLogHelper.h">
      <Filter>Header Files</Filter>
    </ClInclude>
    <ClInclude Include="Code\Include\Core\Base\Application.h">
      <Filter>Header Files</Filter>
    </ClInclude>
    <ClInclude Include="Code\Include\Core\Base\Singleton.h">
      <Filter>Header Files</Filter>
    </ClInclude>
    <ClInclude Include="Code\Include\Utilities\BitFlagsHelper.h">
      <Filter>Header Files</Filter>
    </ClInclude>
    <ClInclude Include="Code\Include\Core\Input\Input.h">
      <Filter>Header Files</Filter>
    </ClInclude>
    <ClInclude Include="Code\Include\Core\Input\KeyCode.h">
      <Filter>Header Files</Filter>
    </ClInclude>
    <ClInclude Include="Code\Include\Core\Base\Window\Window.h">
      <Filter>Header Files</Filter>
    </ClInclude>
    <ClInclude Include="Code\Include\Core\Base\Window\WindowMode.h">
      <Filter>Header Files</Filter>
    </ClInclude>
    <ClInclude Include="Code\Include\Math\Vector2.h">
      <Filter>Header Files</Filter>
    </ClInclude>
    <ClInclude Include="Code\Include\Core\Events\Event.h">
      <Filter>Header Files</Filter>
    </ClInclude>
    <ClInclude Include="Code\Include\Core\Events\WindowEvents.h">
      <Filter>Header Files</Filter>
    </ClInclude>
    <ClInclude Include="Code\Include\Core\Events\InputEvents.h">
      <Filter>Header Files</Filter>
    </ClInclude>
    <ClInclude Include="Code\Include\Utilities\EnumFlagsOperators.h">
      <Filter>Header Files</Filter>
    </ClInclude>
    <ClInclude Include="Code\Include\Math\Math.h">
      <Filter>Header Files</Filter>
    </ClInclude>
  </ItemGroup>
  <ItemGroup>
    <ClCompile Include="Code\Source\Main.cpp">
      <Filter>Source Files</Filter>
    </ClCompile>
    <ClCompile Include="Code\Source\Core\Base\Window\Window.cpp">
      <Filter>Source Files</Filter>
    </ClCompile>
    <ClCompile Include="Code\Source\DebugLogHelper.cpp">
      <Filter>Source Files</Filter>
    </ClCompile>
    <ClCompile Include="Code\Source\Core\Renderer\RenderContext.cpp">
      <Filter>Source Files</Filter>
    </ClCompile>
    <ClCompile Include="Code\Source\Core\Base\Application.cpp">
      <Filter>Source Files</Filter>
    </ClCompile>
    <ClCompile Include="Code\Source\Core\Input\Input.cpp">
      <Filter>Source Files</Filter>
    </ClCompile>
    <ClCompile Include="Code\Source\Core\Math\Vector2.cpp">
      <Filter>Source Files</Filter>
    </ClCompile>
  </ItemGroup>
  <ItemGroup>
    <ResourceCompile Include="Resources\ByteEngineD3D11.rc">
      <Filter>Resource Files</Filter>
    </ResourceCompile>
  </ItemGroup>
  <ItemGroup>
    <Image Include="Resources\small.ico">
      <Filter>Resource Files</Filter>
    </Image>
    <Image Include="Resources\ByteEngineD3D11.ico">
      <Filter>Resource Files</Filter>
    </Image>
  </ItemGroup>
  <ItemGroup>
    <None Include="packages.config" />
  </ItemGroup>
  <ItemGroup>
    <FxCompile Include="Code\Shaders\PixelShader.hlsl">
      <Filter>Source Files\Shaders</Filter>
    </FxCompile>
    <FxCompile Include="Code\Shaders\CubeVertexShader.hlsl">
      <Filter>Source Files\Shaders</Filter>
    </FxCompile>
    <FxCompile Include="Code\Shaders\PlaneVertexShader.hlsl">
      <Filter>Source Files\Shaders</Filter>
    </FxCompile>
  </ItemGroup>
  <ItemGroup>
    <Natvis Include="$(MSBuildThisFileDirectory)..\..\natvis\wil.natvis" />
    <Natvis Include="$(MSBuildThisFileDirectory)..\..\natvis\wil.natstepfilter" />
  </ItemGroup>
</Project>